{
  "originHash" : "289e08156f5b47ef44428a3f256fb12963abd2ed83a4a1af03bb6c9cf859698d",
  "pins" : [
    {
      "identity" : "swift-atomics",
      "kind" : "remoteSourceControl",
      "location" : "https://github.com/apple/swift-atomics.git",
      "state" : {
        "revision" : "b601256eab081c0f92f059e12818ac1d4f178ff7",
        "version" : "1.3.0"
      }
    },
    {
      "identity" : "swiftuinavcontroller",
      "kind" : "remoteSourceControl",
      "location" : "https://github.com/bancek/SwiftUINavController",
      "state" : {
        "branch" : "v0.1.2",
        "revision" : "07bd7a164e6220d352cc6fa742188da1a365a55a"
      }
    }
  ],
  "version" : 3
}
