{
  "originHash" : "4d0b933d154e12f5d6583b5aa52eebfb9e38bb40e2f34aebc7a0254e5a6be721",
  "pins" : [
    {
      "identity" : "swiftuinavcontroller",
      "kind" : "remoteSourceControl",
      "location" : "https://github.com/bancek/SwiftUINavController",
      "state" : {
        "branch" : "v0.1.2",
        "revision" : "07bd7a164e6220d352cc6fa742188da1a365a55a"
      }
    }
  ],
  "version" : 3
}
